// !$*UTF8*$!
{
	archiveVersion = 1;
	classes = {
	};
	objectVersion = 77;
	objects = {

<<<<<<< HEAD
/* Begin PBXBuildFile section */
		189F53ED2E31D2EC0045218D /* GoalTrackerWidgetsExtension.appex in Embed Foundation Extensions */ = {isa = PBXBuildFile; fileRef = 189F53D72E31D2E50045218D /* GoalTrackerWidgetsExtension.appex */; settings = {ATTRIBUTES = (RemoveHeadersOnCopy, ); }; };
		189F54092E31DA570045218D /* SwiftUI.framework in Frameworks */ = {isa = PBXBuildFile; fileRef = 189F53DB2E31D2E50045218D /* SwiftUI.framework */; };
		189F540A2E31DA570045218D /* SwiftUI.framework in Embed Frameworks */ = {isa = PBXBuildFile; fileRef = 189F53DB2E31D2E50045218D /* SwiftUI.framework */; settings = {ATTRIBUTES = (CodeSignOnCopy, RemoveHeadersOnCopy, ); }; };
		189F540C2E31DA590045218D /* WidgetKit.framework in Frameworks */ = {isa = PBXBuildFile; fileRef = 189F53D92E31D2E50045218D /* WidgetKit.framework */; };
		189F540D2E31DA590045218D /* WidgetKit.framework in Embed Frameworks */ = {isa = PBXBuildFile; fileRef = 189F53D92E31D2E50045218D /* WidgetKit.framework */; settings = {ATTRIBUTES = (CodeSignOnCopy, RemoveHeadersOnCopy, ); }; };
		18A56E3D2E321E0200B5978A /* Localizable.strings in Resources */ = {isa = PBXBuildFile; fileRef = 18A56E3B2E321E0100B5978A /* Localizable.strings */; };
		18CECAB22E60D1C2004A6B23 /* Localizable.strings in Resources */ = {isa = PBXBuildFile; fileRef = 18A56E3B2E321E0100B5978A /* Localizable.strings */; };
/* End PBXBuildFile section */

/* Begin PBXContainerItemProxy section */
		189F53132E30BF290045218D /* PBXContainerItemProxy */ = {
			isa = PBXContainerItemProxy;
			containerPortal = 189F52FC2E30BF240045218D /* Project object */;
			proxyType = 1;
			remoteGlobalIDString = 189F53032E30BF250045218D;
			remoteInfo = GoalTracker;
		};
		189F531D2E30BF290045218D /* PBXContainerItemProxy */ = {
			isa = PBXContainerItemProxy;
			containerPortal = 189F52FC2E30BF240045218D /* Project object */;
			proxyType = 1;
			remoteGlobalIDString = 189F53032E30BF250045218D;
			remoteInfo = GoalTracker;
		};
		189F53EB2E31D2EC0045218D /* PBXContainerItemProxy */ = {
			isa = PBXContainerItemProxy;
			containerPortal = 189F52FC2E30BF240045218D /* Project object */;
			proxyType = 1;
			remoteGlobalIDString = 189F53D62E31D2E50045218D;
			remoteInfo = GoalTrackerWidgetsExtension;
		};
/* End PBXContainerItemProxy section */

/* Begin PBXCopyFilesBuildPhase section */
		189F53F22E31D2EC0045218D /* Embed Foundation Extensions */ = {
			isa = PBXCopyFilesBuildPhase;
			buildActionMask = 2147483647;
			dstPath = "";
			dstSubfolderSpec = 13;
			files = (
				189F53ED2E31D2EC0045218D /* GoalTrackerWidgetsExtension.appex in Embed Foundation Extensions */,
			);
			name = "Embed Foundation Extensions";
			runOnlyForDeploymentPostprocessing = 0;
		};
		189F540B2E31DA570045218D /* Embed Frameworks */ = {
			isa = PBXCopyFilesBuildPhase;
			buildActionMask = 2147483647;
			dstPath = "";
			dstSubfolderSpec = 10;
			files = (
				189F540A2E31DA570045218D /* SwiftUI.framework in Embed Frameworks */,
				189F540D2E31DA590045218D /* WidgetKit.framework in Embed Frameworks */,
			);
			name = "Embed Frameworks";
			runOnlyForDeploymentPostprocessing = 0;
		};
/* End PBXCopyFilesBuildPhase section */

/* Begin PBXFileReference section */
		189F53042E30BF250045218D /* GoalTracker.app */ = {isa = PBXFileReference; explicitFileType = wrapper.application; includeInIndex = 0; path = GoalTracker.app; sourceTree = BUILT_PRODUCTS_DIR; };
		189F53122E30BF290045218D /* GoalTrackerTests.xctest */ = {isa = PBXFileReference; explicitFileType = wrapper.cfbundle; includeInIndex = 0; path = GoalTrackerTests.xctest; sourceTree = BUILT_PRODUCTS_DIR; };
		189F531C2E30BF290045218D /* GoalTrackerUITests.xctest */ = {isa = PBXFileReference; explicitFileType = wrapper.cfbundle; includeInIndex = 0; path = GoalTrackerUITests.xctest; sourceTree = BUILT_PRODUCTS_DIR; };
		189F53D72E31D2E50045218D /* GoalTrackerWidgetsExtension.appex */ = {isa = PBXFileReference; explicitFileType = "wrapper.app-extension"; includeInIndex = 0; path = GoalTrackerWidgetsExtension.appex; sourceTree = BUILT_PRODUCTS_DIR; };
		189F53D92E31D2E50045218D /* WidgetKit.framework */ = {isa = PBXFileReference; lastKnownFileType = wrapper.framework; name = WidgetKit.framework; path = System/Library/Frameworks/WidgetKit.framework; sourceTree = SDKROOT; };
		189F53DB2E31D2E50045218D /* SwiftUI.framework */ = {isa = PBXFileReference; lastKnownFileType = wrapper.framework; name = SwiftUI.framework; path = System/Library/Frameworks/SwiftUI.framework; sourceTree = SDKROOT; };
		18A56E3C2E321E0100B5978A /* en */ = {isa = PBXFileReference; lastKnownFileType = text.plist.strings; name = en; path = en.lproj/Localizable.strings; sourceTree = "<group>"; };
		18A56E3E2E321E5700B5978A /* zh-Hans */ = {isa = PBXFileReference; lastKnownFileType = text.plist.strings; name = "zh-Hans"; path = "zh-Hans.lproj/Localizable.strings"; sourceTree = "<group>"; };
		18A56E3F2E321E5A00B5978A /* en-GB */ = {isa = PBXFileReference; lastKnownFileType = text.plist.strings; name = "en-GB"; path = "en-GB.lproj/Localizable.strings"; sourceTree = "<group>"; };
		18A56E402E321E5C00B5978A /* fr */ = {isa = PBXFileReference; lastKnownFileType = text.plist.strings; name = fr; path = fr.lproj/Localizable.strings; sourceTree = "<group>"; };
		18A56E412E321E5D00B5978A /* de */ = {isa = PBXFileReference; lastKnownFileType = text.plist.strings; name = de; path = de.lproj/Localizable.strings; sourceTree = "<group>"; };
		18A56E422E321E5E00B5978A /* ja */ = {isa = PBXFileReference; lastKnownFileType = text.plist.strings; name = ja; path = ja.lproj/Localizable.strings; sourceTree = "<group>"; };
		18A56E432E321FCB00B5978A /* es */ = {isa = PBXFileReference; lastKnownFileType = text.plist.strings; name = es; path = es.lproj/Localizable.strings; sourceTree = "<group>"; };
		18CECAB32E60D618004A6B23 /* GoalTrackerWidgetsExtension.entitlements */ = {isa = PBXFileReference; lastKnownFileType = text.plist.entitlements; path = GoalTrackerWidgetsExtension.entitlements; sourceTree = "<group>"; };
/* End PBXFileReference section */

/* Begin PBXFileSystemSynchronizedBuildFileExceptionSet section */
		182F736D2E6FF11B000D25F2 /* Exceptions for "GoalTracker" folder in "GoalTracker" target */ = {
			isa = PBXFileSystemSynchronizedBuildFileExceptionSet;
			membershipExceptions = (
				Info.plist,
			);
			target = 189F53032E30BF250045218D /* GoalTracker */;
		};
		182F736E2E6FF128000D25F2 /* Exceptions for "GoalTrackerWidgets" folder in "GoalTrackerWidgetsExtension" target */ = {
			isa = PBXFileSystemSynchronizedBuildFileExceptionSet;
			membershipExceptions = (
				Info.plist,
			);
			target = 189F53D62E31D2E50045218D /* GoalTrackerWidgetsExtension */;
		};
		182F73722E6FF212000D25F2 /* Exceptions for "GoalTracker" folder in "GoalTrackerWidgetsExtension" target */ = {
			isa = PBXFileSystemSynchronizedBuildFileExceptionSet;
			membershipExceptions = (
				CheckInIntent.swift,
				DataManager.swift,
				Goal.swift,
				SortAndFilterOptions.swift,
			);
			target = 189F53D62E31D2E50045218D /* GoalTrackerWidgetsExtension */;
		};
/* End PBXFileSystemSynchronizedBuildFileExceptionSet section */

/* Begin PBXFileSystemSynchronizedRootGroup section */
		189F53062E30BF250045218D /* GoalTracker */ = {
			isa = PBXFileSystemSynchronizedRootGroup;
			exceptions = (
				182F736D2E6FF11B000D25F2 /* Exceptions for "GoalTracker" folder in "GoalTracker" target */,
				182F73722E6FF212000D25F2 /* Exceptions for "GoalTracker" folder in "GoalTrackerWidgetsExtension" target */,
			);
			path = GoalTracker;
			sourceTree = "<group>";
		};
		189F53152E30BF290045218D /* GoalTrackerTests */ = {
=======
/* Begin PBXContainerItemProxy section */
		180685512DA3BE1E006153C9 /* PBXContainerItemProxy */ = {
			isa = PBXContainerItemProxy;
			containerPortal = 1806853B2DA3BE19006153C9 /* Project object */;
			proxyType = 1;
			remoteGlobalIDString = 180685422DA3BE19006153C9;
			remoteInfo = GoalTracker;
		};
		1806855B2DA3BE1E006153C9 /* PBXContainerItemProxy */ = {
			isa = PBXContainerItemProxy;
			containerPortal = 1806853B2DA3BE19006153C9 /* Project object */;
			proxyType = 1;
			remoteGlobalIDString = 180685422DA3BE19006153C9;
			remoteInfo = GoalTracker;
		};
/* End PBXContainerItemProxy section */

/* Begin PBXFileReference section */
		180685432DA3BE19006153C9 /* GoalTracker.app */ = {isa = PBXFileReference; explicitFileType = wrapper.application; includeInIndex = 0; path = GoalTracker.app; sourceTree = BUILT_PRODUCTS_DIR; };
		180685502DA3BE1E006153C9 /* GoalTrackerTests.xctest */ = {isa = PBXFileReference; explicitFileType = wrapper.cfbundle; includeInIndex = 0; path = GoalTrackerTests.xctest; sourceTree = BUILT_PRODUCTS_DIR; };
		1806855A2DA3BE1E006153C9 /* GoalTrackerUITests.xctest */ = {isa = PBXFileReference; explicitFileType = wrapper.cfbundle; includeInIndex = 0; path = GoalTrackerUITests.xctest; sourceTree = BUILT_PRODUCTS_DIR; };
/* End PBXFileReference section */

/* Begin PBXFileSystemSynchronizedRootGroup section */
		180685452DA3BE19006153C9 /* GoalTracker */ = {
			isa = PBXFileSystemSynchronizedRootGroup;
			path = GoalTracker;
			sourceTree = "<group>";
		};
		180685532DA3BE1E006153C9 /* GoalTrackerTests */ = {
>>>>>>> a5299dab53fdf2a51098c77d51abdc51565d4484
			isa = PBXFileSystemSynchronizedRootGroup;
			path = GoalTrackerTests;
			sourceTree = "<group>";
		};
<<<<<<< HEAD
		189F531F2E30BF290045218D /* GoalTrackerUITests */ = {
=======
		1806855D2DA3BE1E006153C9 /* GoalTrackerUITests */ = {
>>>>>>> a5299dab53fdf2a51098c77d51abdc51565d4484
			isa = PBXFileSystemSynchronizedRootGroup;
			path = GoalTrackerUITests;
			sourceTree = "<group>";
		};
<<<<<<< HEAD
		189F53DD2E31D2E50045218D /* GoalTrackerWidgets */ = {
			isa = PBXFileSystemSynchronizedRootGroup;
			exceptions = (
				182F736E2E6FF128000D25F2 /* Exceptions for "GoalTrackerWidgets" folder in "GoalTrackerWidgetsExtension" target */,
			);
			path = GoalTrackerWidgets;
			sourceTree = "<group>";
		};
/* End PBXFileSystemSynchronizedRootGroup section */

/* Begin PBXFrameworksBuildPhase section */
		189F53012E30BF250045218D /* Frameworks */ = {
=======
/* End PBXFileSystemSynchronizedRootGroup section */

/* Begin PBXFrameworksBuildPhase section */
		180685402DA3BE19006153C9 /* Frameworks */ = {
>>>>>>> a5299dab53fdf2a51098c77d51abdc51565d4484
			isa = PBXFrameworksBuildPhase;
			buildActionMask = 2147483647;
			files = (
			);
			runOnlyForDeploymentPostprocessing = 0;
		};
<<<<<<< HEAD
		189F530F2E30BF290045218D /* Frameworks */ = {
=======
		1806854D2DA3BE1E006153C9 /* Frameworks */ = {
>>>>>>> a5299dab53fdf2a51098c77d51abdc51565d4484
			isa = PBXFrameworksBuildPhase;
			buildActionMask = 2147483647;
			files = (
			);
			runOnlyForDeploymentPostprocessing = 0;
		};
<<<<<<< HEAD
		189F53192E30BF290045218D /* Frameworks */ = {
=======
		180685572DA3BE1E006153C9 /* Frameworks */ = {
>>>>>>> a5299dab53fdf2a51098c77d51abdc51565d4484
			isa = PBXFrameworksBuildPhase;
			buildActionMask = 2147483647;
			files = (
			);
			runOnlyForDeploymentPostprocessing = 0;
		};
<<<<<<< HEAD
		189F53D42E31D2E50045218D /* Frameworks */ = {
			isa = PBXFrameworksBuildPhase;
			buildActionMask = 2147483647;
			files = (
				189F54092E31DA570045218D /* SwiftUI.framework in Frameworks */,
				189F540C2E31DA590045218D /* WidgetKit.framework in Frameworks */,
			);
			runOnlyForDeploymentPostprocessing = 0;
		};
/* End PBXFrameworksBuildPhase section */

/* Begin PBXGroup section */
		189F52FB2E30BF240045218D = {
			isa = PBXGroup;
			children = (
				18CECAB32E60D618004A6B23 /* GoalTrackerWidgetsExtension.entitlements */,
				18A56E3B2E321E0100B5978A /* Localizable.strings */,
				189F53062E30BF250045218D /* GoalTracker */,
				189F53152E30BF290045218D /* GoalTrackerTests */,
				189F531F2E30BF290045218D /* GoalTrackerUITests */,
				189F53DD2E31D2E50045218D /* GoalTrackerWidgets */,
				189F53D82E31D2E50045218D /* Frameworks */,
				189F53052E30BF250045218D /* Products */,
			);
			sourceTree = "<group>";
		};
		189F53052E30BF250045218D /* Products */ = {
			isa = PBXGroup;
			children = (
				189F53042E30BF250045218D /* GoalTracker.app */,
				189F53122E30BF290045218D /* GoalTrackerTests.xctest */,
				189F531C2E30BF290045218D /* GoalTrackerUITests.xctest */,
				189F53D72E31D2E50045218D /* GoalTrackerWidgetsExtension.appex */,
=======
/* End PBXFrameworksBuildPhase section */

/* Begin PBXGroup section */
		1806853A2DA3BE19006153C9 = {
			isa = PBXGroup;
			children = (
				180685452DA3BE19006153C9 /* GoalTracker */,
				180685532DA3BE1E006153C9 /* GoalTrackerTests */,
				1806855D2DA3BE1E006153C9 /* GoalTrackerUITests */,
				180685442DA3BE19006153C9 /* Products */,
			);
			sourceTree = "<group>";
		};
		180685442DA3BE19006153C9 /* Products */ = {
			isa = PBXGroup;
			children = (
				180685432DA3BE19006153C9 /* GoalTracker.app */,
				180685502DA3BE1E006153C9 /* GoalTrackerTests.xctest */,
				1806855A2DA3BE1E006153C9 /* GoalTrackerUITests.xctest */,
>>>>>>> a5299dab53fdf2a51098c77d51abdc51565d4484
			);
			name = Products;
			sourceTree = "<group>";
		};
<<<<<<< HEAD
		189F53D82E31D2E50045218D /* Frameworks */ = {
			isa = PBXGroup;
			children = (
				189F53D92E31D2E50045218D /* WidgetKit.framework */,
				189F53DB2E31D2E50045218D /* SwiftUI.framework */,
			);
			name = Frameworks;
			sourceTree = "<group>";
		};
/* End PBXGroup section */

/* Begin PBXNativeTarget section */
		189F53032E30BF250045218D /* GoalTracker */ = {
			isa = PBXNativeTarget;
			buildConfigurationList = 189F53262E30BF290045218D /* Build configuration list for PBXNativeTarget "GoalTracker" */;
			buildPhases = (
				189F53002E30BF250045218D /* Sources */,
				189F53012E30BF250045218D /* Frameworks */,
				189F53022E30BF250045218D /* Resources */,
				189F53F22E31D2EC0045218D /* Embed Foundation Extensions */,
=======
/* End PBXGroup section */

/* Begin PBXNativeTarget section */
		180685422DA3BE19006153C9 /* GoalTracker */ = {
			isa = PBXNativeTarget;
			buildConfigurationList = 180685642DA3BE1E006153C9 /* Build configuration list for PBXNativeTarget "GoalTracker" */;
			buildPhases = (
				1806853F2DA3BE19006153C9 /* Sources */,
				180685402DA3BE19006153C9 /* Frameworks */,
				180685412DA3BE19006153C9 /* Resources */,
>>>>>>> a5299dab53fdf2a51098c77d51abdc51565d4484
			);
			buildRules = (
			);
			dependencies = (
<<<<<<< HEAD
				189F53EC2E31D2EC0045218D /* PBXTargetDependency */,
			);
			fileSystemSynchronizedGroups = (
				189F53062E30BF250045218D /* GoalTracker */,
=======
			);
			fileSystemSynchronizedGroups = (
				180685452DA3BE19006153C9 /* GoalTracker */,
>>>>>>> a5299dab53fdf2a51098c77d51abdc51565d4484
			);
			name = GoalTracker;
			packageProductDependencies = (
			);
			productName = GoalTracker;
<<<<<<< HEAD
			productReference = 189F53042E30BF250045218D /* GoalTracker.app */;
			productType = "com.apple.product-type.application";
		};
		189F53112E30BF290045218D /* GoalTrackerTests */ = {
			isa = PBXNativeTarget;
			buildConfigurationList = 189F53292E30BF290045218D /* Build configuration list for PBXNativeTarget "GoalTrackerTests" */;
			buildPhases = (
				189F530E2E30BF290045218D /* Sources */,
				189F530F2E30BF290045218D /* Frameworks */,
				189F53102E30BF290045218D /* Resources */,
=======
			productReference = 180685432DA3BE19006153C9 /* GoalTracker.app */;
			productType = "com.apple.product-type.application";
		};
		1806854F2DA3BE1E006153C9 /* GoalTrackerTests */ = {
			isa = PBXNativeTarget;
			buildConfigurationList = 180685672DA3BE1E006153C9 /* Build configuration list for PBXNativeTarget "GoalTrackerTests" */;
			buildPhases = (
				1806854C2DA3BE1E006153C9 /* Sources */,
				1806854D2DA3BE1E006153C9 /* Frameworks */,
				1806854E2DA3BE1E006153C9 /* Resources */,
>>>>>>> a5299dab53fdf2a51098c77d51abdc51565d4484
			);
			buildRules = (
			);
			dependencies = (
<<<<<<< HEAD
				189F53142E30BF290045218D /* PBXTargetDependency */,
			);
			fileSystemSynchronizedGroups = (
				189F53152E30BF290045218D /* GoalTrackerTests */,
=======
				180685522DA3BE1E006153C9 /* PBXTargetDependency */,
			);
			fileSystemSynchronizedGroups = (
				180685532DA3BE1E006153C9 /* GoalTrackerTests */,
>>>>>>> a5299dab53fdf2a51098c77d51abdc51565d4484
			);
			name = GoalTrackerTests;
			packageProductDependencies = (
			);
			productName = GoalTrackerTests;
<<<<<<< HEAD
			productReference = 189F53122E30BF290045218D /* GoalTrackerTests.xctest */;
			productType = "com.apple.product-type.bundle.unit-test";
		};
		189F531B2E30BF290045218D /* GoalTrackerUITests */ = {
			isa = PBXNativeTarget;
			buildConfigurationList = 189F532C2E30BF290045218D /* Build configuration list for PBXNativeTarget "GoalTrackerUITests" */;
			buildPhases = (
				189F53182E30BF290045218D /* Sources */,
				189F53192E30BF290045218D /* Frameworks */,
				189F531A2E30BF290045218D /* Resources */,
=======
			productReference = 180685502DA3BE1E006153C9 /* GoalTrackerTests.xctest */;
			productType = "com.apple.product-type.bundle.unit-test";
		};
		180685592DA3BE1E006153C9 /* GoalTrackerUITests */ = {
			isa = PBXNativeTarget;
			buildConfigurationList = 1806856A2DA3BE1E006153C9 /* Build configuration list for PBXNativeTarget "GoalTrackerUITests" */;
			buildPhases = (
				180685562DA3BE1E006153C9 /* Sources */,
				180685572DA3BE1E006153C9 /* Frameworks */,
				180685582DA3BE1E006153C9 /* Resources */,
>>>>>>> a5299dab53fdf2a51098c77d51abdc51565d4484
			);
			buildRules = (
			);
			dependencies = (
<<<<<<< HEAD
				189F531E2E30BF290045218D /* PBXTargetDependency */,
			);
			fileSystemSynchronizedGroups = (
				189F531F2E30BF290045218D /* GoalTrackerUITests */,
=======
				1806855C2DA3BE1E006153C9 /* PBXTargetDependency */,
			);
			fileSystemSynchronizedGroups = (
				1806855D2DA3BE1E006153C9 /* GoalTrackerUITests */,
>>>>>>> a5299dab53fdf2a51098c77d51abdc51565d4484
			);
			name = GoalTrackerUITests;
			packageProductDependencies = (
			);
			productName = GoalTrackerUITests;
<<<<<<< HEAD
			productReference = 189F531C2E30BF290045218D /* GoalTrackerUITests.xctest */;
			productType = "com.apple.product-type.bundle.ui-testing";
		};
		189F53D62E31D2E50045218D /* GoalTrackerWidgetsExtension */ = {
			isa = PBXNativeTarget;
			buildConfigurationList = 189F53EE2E31D2EC0045218D /* Build configuration list for PBXNativeTarget "GoalTrackerWidgetsExtension" */;
			buildPhases = (
				189F53D32E31D2E50045218D /* Sources */,
				189F53D42E31D2E50045218D /* Frameworks */,
				189F53D52E31D2E50045218D /* Resources */,
				189F540B2E31DA570045218D /* Embed Frameworks */,
			);
			buildRules = (
			);
			dependencies = (
			);
			fileSystemSynchronizedGroups = (
				189F53DD2E31D2E50045218D /* GoalTrackerWidgets */,
			);
			name = GoalTrackerWidgetsExtension;
			packageProductDependencies = (
			);
			productName = GoalTrackerWidgetsExtension;
			productReference = 189F53D72E31D2E50045218D /* GoalTrackerWidgetsExtension.appex */;
			productType = "com.apple.product-type.app-extension";
		};
/* End PBXNativeTarget section */

/* Begin PBXProject section */
		189F52FC2E30BF240045218D /* Project object */ = {
			isa = PBXProject;
			attributes = {
				BuildIndependentTargetsInParallel = 1;
				LastSwiftUpdateCheck = 1640;
				LastUpgradeCheck = 2600;
				TargetAttributes = {
					189F53032E30BF250045218D = {
						CreatedOnToolsVersion = 16.4;
					};
					189F53112E30BF290045218D = {
						CreatedOnToolsVersion = 16.4;
						TestTargetID = 189F53032E30BF250045218D;
					};
					189F531B2E30BF290045218D = {
						CreatedOnToolsVersion = 16.4;
						TestTargetID = 189F53032E30BF250045218D;
					};
					189F53D62E31D2E50045218D = {
						CreatedOnToolsVersion = 16.4;
					};
				};
			};
			buildConfigurationList = 189F52FF2E30BF240045218D /* Build configuration list for PBXProject "GoalTracker" */;
=======
			productReference = 1806855A2DA3BE1E006153C9 /* GoalTrackerUITests.xctest */;
			productType = "com.apple.product-type.bundle.ui-testing";
		};
/* End PBXNativeTarget section */

/* Begin PBXProject section */
		1806853B2DA3BE19006153C9 /* Project object */ = {
			isa = PBXProject;
			attributes = {
				BuildIndependentTargetsInParallel = 1;
				LastSwiftUpdateCheck = 1630;
				LastUpgradeCheck = 1630;
				TargetAttributes = {
					180685422DA3BE19006153C9 = {
						CreatedOnToolsVersion = 16.3;
					};
					1806854F2DA3BE1E006153C9 = {
						CreatedOnToolsVersion = 16.3;
						TestTargetID = 180685422DA3BE19006153C9;
					};
					180685592DA3BE1E006153C9 = {
						CreatedOnToolsVersion = 16.3;
						TestTargetID = 180685422DA3BE19006153C9;
					};
				};
			};
			buildConfigurationList = 1806853E2DA3BE19006153C9 /* Build configuration list for PBXProject "GoalTracker" */;
>>>>>>> a5299dab53fdf2a51098c77d51abdc51565d4484
			developmentRegion = en;
			hasScannedForEncodings = 0;
			knownRegions = (
				en,
				Base,
<<<<<<< HEAD
				"en-GB",
				fr,
				de,
				ja,
				"zh-Hans",
				es,
			);
			mainGroup = 189F52FB2E30BF240045218D;
			minimizedProjectReferenceProxies = 1;
			preferredProjectObjectVersion = 77;
			productRefGroup = 189F53052E30BF250045218D /* Products */;
			projectDirPath = "";
			projectRoot = "";
			targets = (
				189F53032E30BF250045218D /* GoalTracker */,
				189F53112E30BF290045218D /* GoalTrackerTests */,
				189F531B2E30BF290045218D /* GoalTrackerUITests */,
				189F53D62E31D2E50045218D /* GoalTrackerWidgetsExtension */,
=======
			);
			mainGroup = 1806853A2DA3BE19006153C9;
			minimizedProjectReferenceProxies = 1;
			preferredProjectObjectVersion = 77;
			productRefGroup = 180685442DA3BE19006153C9 /* Products */;
			projectDirPath = "";
			projectRoot = "";
			targets = (
				180685422DA3BE19006153C9 /* GoalTracker */,
				1806854F2DA3BE1E006153C9 /* GoalTrackerTests */,
				180685592DA3BE1E006153C9 /* GoalTrackerUITests */,
>>>>>>> a5299dab53fdf2a51098c77d51abdc51565d4484
			);
		};
/* End PBXProject section */

/* Begin PBXResourcesBuildPhase section */
<<<<<<< HEAD
		189F53022E30BF250045218D /* Resources */ = {
			isa = PBXResourcesBuildPhase;
			buildActionMask = 2147483647;
			files = (
				18A56E3D2E321E0200B5978A /* Localizable.strings in Resources */,
			);
			runOnlyForDeploymentPostprocessing = 0;
		};
		189F53102E30BF290045218D /* Resources */ = {
=======
		180685412DA3BE19006153C9 /* Resources */ = {
>>>>>>> a5299dab53fdf2a51098c77d51abdc51565d4484
			isa = PBXResourcesBuildPhase;
			buildActionMask = 2147483647;
			files = (
			);
			runOnlyForDeploymentPostprocessing = 0;
		};
<<<<<<< HEAD
		189F531A2E30BF290045218D /* Resources */ = {
=======
		1806854E2DA3BE1E006153C9 /* Resources */ = {
>>>>>>> a5299dab53fdf2a51098c77d51abdc51565d4484
			isa = PBXResourcesBuildPhase;
			buildActionMask = 2147483647;
			files = (
			);
			runOnlyForDeploymentPostprocessing = 0;
		};
<<<<<<< HEAD
		189F53D52E31D2E50045218D /* Resources */ = {
			isa = PBXResourcesBuildPhase;
			buildActionMask = 2147483647;
			files = (
				18CECAB22E60D1C2004A6B23 /* Localizable.strings in Resources */,
=======
		180685582DA3BE1E006153C9 /* Resources */ = {
			isa = PBXResourcesBuildPhase;
			buildActionMask = 2147483647;
			files = (
>>>>>>> a5299dab53fdf2a51098c77d51abdc51565d4484
			);
			runOnlyForDeploymentPostprocessing = 0;
		};
/* End PBXResourcesBuildPhase section */

/* Begin PBXSourcesBuildPhase section */
<<<<<<< HEAD
		189F53002E30BF250045218D /* Sources */ = {
=======
		1806853F2DA3BE19006153C9 /* Sources */ = {
>>>>>>> a5299dab53fdf2a51098c77d51abdc51565d4484
			isa = PBXSourcesBuildPhase;
			buildActionMask = 2147483647;
			files = (
			);
			runOnlyForDeploymentPostprocessing = 0;
		};
<<<<<<< HEAD
		189F530E2E30BF290045218D /* Sources */ = {
=======
		1806854C2DA3BE1E006153C9 /* Sources */ = {
>>>>>>> a5299dab53fdf2a51098c77d51abdc51565d4484
			isa = PBXSourcesBuildPhase;
			buildActionMask = 2147483647;
			files = (
			);
			runOnlyForDeploymentPostprocessing = 0;
		};
<<<<<<< HEAD
		189F53182E30BF290045218D /* Sources */ = {
			isa = PBXSourcesBuildPhase;
			buildActionMask = 2147483647;
			files = (
			);
			runOnlyForDeploymentPostprocessing = 0;
		};
		189F53D32E31D2E50045218D /* Sources */ = {
=======
		180685562DA3BE1E006153C9 /* Sources */ = {
>>>>>>> a5299dab53fdf2a51098c77d51abdc51565d4484
			isa = PBXSourcesBuildPhase;
			buildActionMask = 2147483647;
			files = (
			);
			runOnlyForDeploymentPostprocessing = 0;
		};
/* End PBXSourcesBuildPhase section */

/* Begin PBXTargetDependency section */
<<<<<<< HEAD
		189F53142E30BF290045218D /* PBXTargetDependency */ = {
			isa = PBXTargetDependency;
			target = 189F53032E30BF250045218D /* GoalTracker */;
			targetProxy = 189F53132E30BF290045218D /* PBXContainerItemProxy */;
		};
		189F531E2E30BF290045218D /* PBXTargetDependency */ = {
			isa = PBXTargetDependency;
			target = 189F53032E30BF250045218D /* GoalTracker */;
			targetProxy = 189F531D2E30BF290045218D /* PBXContainerItemProxy */;
		};
		189F53EC2E31D2EC0045218D /* PBXTargetDependency */ = {
			isa = PBXTargetDependency;
			target = 189F53D62E31D2E50045218D /* GoalTrackerWidgetsExtension */;
			targetProxy = 189F53EB2E31D2EC0045218D /* PBXContainerItemProxy */;
		};
/* End PBXTargetDependency section */

/* Begin PBXVariantGroup section */
		18A56E3B2E321E0100B5978A /* Localizable.strings */ = {
			isa = PBXVariantGroup;
			children = (
				18A56E3C2E321E0100B5978A /* en */,
				18A56E3E2E321E5700B5978A /* zh-Hans */,
				18A56E3F2E321E5A00B5978A /* en-GB */,
				18A56E402E321E5C00B5978A /* fr */,
				18A56E412E321E5D00B5978A /* de */,
				18A56E422E321E5E00B5978A /* ja */,
				18A56E432E321FCB00B5978A /* es */,
			);
			name = Localizable.strings;
			sourceTree = "<group>";
		};
/* End PBXVariantGroup section */

/* Begin XCBuildConfiguration section */
		189F53242E30BF290045218D /* Debug */ = {
=======
		180685522DA3BE1E006153C9 /* PBXTargetDependency */ = {
			isa = PBXTargetDependency;
			target = 180685422DA3BE19006153C9 /* GoalTracker */;
			targetProxy = 180685512DA3BE1E006153C9 /* PBXContainerItemProxy */;
		};
		1806855C2DA3BE1E006153C9 /* PBXTargetDependency */ = {
			isa = PBXTargetDependency;
			target = 180685422DA3BE19006153C9 /* GoalTracker */;
			targetProxy = 1806855B2DA3BE1E006153C9 /* PBXContainerItemProxy */;
		};
/* End PBXTargetDependency section */

/* Begin XCBuildConfiguration section */
		180685622DA3BE1E006153C9 /* Debug */ = {
>>>>>>> a5299dab53fdf2a51098c77d51abdc51565d4484
			isa = XCBuildConfiguration;
			buildSettings = {
				ALWAYS_SEARCH_USER_PATHS = NO;
				ASSETCATALOG_COMPILER_GENERATE_SWIFT_ASSET_SYMBOL_EXTENSIONS = YES;
<<<<<<< HEAD
				CLANG_ANALYZER_LOCALIZABILITY_NONLOCALIZED = YES;
=======
>>>>>>> a5299dab53fdf2a51098c77d51abdc51565d4484
				CLANG_ANALYZER_NONNULL = YES;
				CLANG_ANALYZER_NUMBER_OBJECT_CONVERSION = YES_AGGRESSIVE;
				CLANG_CXX_LANGUAGE_STANDARD = "gnu++20";
				CLANG_ENABLE_MODULES = YES;
				CLANG_ENABLE_OBJC_ARC = YES;
				CLANG_ENABLE_OBJC_WEAK = YES;
				CLANG_WARN_BLOCK_CAPTURE_AUTORELEASING = YES;
				CLANG_WARN_BOOL_CONVERSION = YES;
				CLANG_WARN_COMMA = YES;
				CLANG_WARN_CONSTANT_CONVERSION = YES;
				CLANG_WARN_DEPRECATED_OBJC_IMPLEMENTATIONS = YES;
				CLANG_WARN_DIRECT_OBJC_ISA_USAGE = YES_ERROR;
				CLANG_WARN_DOCUMENTATION_COMMENTS = YES;
				CLANG_WARN_EMPTY_BODY = YES;
				CLANG_WARN_ENUM_CONVERSION = YES;
				CLANG_WARN_INFINITE_RECURSION = YES;
				CLANG_WARN_INT_CONVERSION = YES;
				CLANG_WARN_NON_LITERAL_NULL_CONVERSION = YES;
				CLANG_WARN_OBJC_IMPLICIT_RETAIN_SELF = YES;
				CLANG_WARN_OBJC_LITERAL_CONVERSION = YES;
				CLANG_WARN_OBJC_ROOT_CLASS = YES_ERROR;
				CLANG_WARN_QUOTED_INCLUDE_IN_FRAMEWORK_HEADER = YES;
				CLANG_WARN_RANGE_LOOP_ANALYSIS = YES;
				CLANG_WARN_STRICT_PROTOTYPES = YES;
				CLANG_WARN_SUSPICIOUS_MOVE = YES;
				CLANG_WARN_UNGUARDED_AVAILABILITY = YES_AGGRESSIVE;
				CLANG_WARN_UNREACHABLE_CODE = YES;
				CLANG_WARN__DUPLICATE_METHOD_MATCH = YES;
				COPY_PHASE_STRIP = NO;
<<<<<<< HEAD
				DEAD_CODE_STRIPPING = YES;
=======
>>>>>>> a5299dab53fdf2a51098c77d51abdc51565d4484
				DEBUG_INFORMATION_FORMAT = dwarf;
				DEVELOPMENT_TEAM = YXAD8H48M3;
				ENABLE_STRICT_OBJC_MSGSEND = YES;
				ENABLE_TESTABILITY = YES;
				ENABLE_USER_SCRIPT_SANDBOXING = YES;
				GCC_C_LANGUAGE_STANDARD = gnu17;
				GCC_DYNAMIC_NO_PIC = NO;
				GCC_NO_COMMON_BLOCKS = YES;
				GCC_OPTIMIZATION_LEVEL = 0;
				GCC_PREPROCESSOR_DEFINITIONS = (
					"DEBUG=1",
					"$(inherited)",
				);
				GCC_WARN_64_TO_32_BIT_CONVERSION = YES;
				GCC_WARN_ABOUT_RETURN_TYPE = YES_ERROR;
				GCC_WARN_UNDECLARED_SELECTOR = YES;
				GCC_WARN_UNINITIALIZED_AUTOS = YES_AGGRESSIVE;
				GCC_WARN_UNUSED_FUNCTION = YES;
				GCC_WARN_UNUSED_VARIABLE = YES;
<<<<<<< HEAD
=======
				IPHONEOS_DEPLOYMENT_TARGET = 18.4;
>>>>>>> a5299dab53fdf2a51098c77d51abdc51565d4484
				LOCALIZATION_PREFERS_STRING_CATALOGS = YES;
				MTL_ENABLE_DEBUG_INFO = INCLUDE_SOURCE;
				MTL_FAST_MATH = YES;
				ONLY_ACTIVE_ARCH = YES;
<<<<<<< HEAD
				STRING_CATALOG_GENERATE_SYMBOLS = YES;
=======
				SDKROOT = iphoneos;
>>>>>>> a5299dab53fdf2a51098c77d51abdc51565d4484
				SWIFT_ACTIVE_COMPILATION_CONDITIONS = "DEBUG $(inherited)";
				SWIFT_OPTIMIZATION_LEVEL = "-Onone";
			};
			name = Debug;
		};
<<<<<<< HEAD
		189F53252E30BF290045218D /* Release */ = {
=======
		180685632DA3BE1E006153C9 /* Release */ = {
>>>>>>> a5299dab53fdf2a51098c77d51abdc51565d4484
			isa = XCBuildConfiguration;
			buildSettings = {
				ALWAYS_SEARCH_USER_PATHS = NO;
				ASSETCATALOG_COMPILER_GENERATE_SWIFT_ASSET_SYMBOL_EXTENSIONS = YES;
<<<<<<< HEAD
				CLANG_ANALYZER_LOCALIZABILITY_NONLOCALIZED = YES;
=======
>>>>>>> a5299dab53fdf2a51098c77d51abdc51565d4484
				CLANG_ANALYZER_NONNULL = YES;
				CLANG_ANALYZER_NUMBER_OBJECT_CONVERSION = YES_AGGRESSIVE;
				CLANG_CXX_LANGUAGE_STANDARD = "gnu++20";
				CLANG_ENABLE_MODULES = YES;
				CLANG_ENABLE_OBJC_ARC = YES;
				CLANG_ENABLE_OBJC_WEAK = YES;
				CLANG_WARN_BLOCK_CAPTURE_AUTORELEASING = YES;
				CLANG_WARN_BOOL_CONVERSION = YES;
				CLANG_WARN_COMMA = YES;
				CLANG_WARN_CONSTANT_CONVERSION = YES;
				CLANG_WARN_DEPRECATED_OBJC_IMPLEMENTATIONS = YES;
				CLANG_WARN_DIRECT_OBJC_ISA_USAGE = YES_ERROR;
				CLANG_WARN_DOCUMENTATION_COMMENTS = YES;
				CLANG_WARN_EMPTY_BODY = YES;
				CLANG_WARN_ENUM_CONVERSION = YES;
				CLANG_WARN_INFINITE_RECURSION = YES;
				CLANG_WARN_INT_CONVERSION = YES;
				CLANG_WARN_NON_LITERAL_NULL_CONVERSION = YES;
				CLANG_WARN_OBJC_IMPLICIT_RETAIN_SELF = YES;
				CLANG_WARN_OBJC_LITERAL_CONVERSION = YES;
				CLANG_WARN_OBJC_ROOT_CLASS = YES_ERROR;
				CLANG_WARN_QUOTED_INCLUDE_IN_FRAMEWORK_HEADER = YES;
				CLANG_WARN_RANGE_LOOP_ANALYSIS = YES;
				CLANG_WARN_STRICT_PROTOTYPES = YES;
				CLANG_WARN_SUSPICIOUS_MOVE = YES;
				CLANG_WARN_UNGUARDED_AVAILABILITY = YES_AGGRESSIVE;
				CLANG_WARN_UNREACHABLE_CODE = YES;
				CLANG_WARN__DUPLICATE_METHOD_MATCH = YES;
				COPY_PHASE_STRIP = NO;
<<<<<<< HEAD
				DEAD_CODE_STRIPPING = YES;
=======
>>>>>>> a5299dab53fdf2a51098c77d51abdc51565d4484
				DEBUG_INFORMATION_FORMAT = "dwarf-with-dsym";
				DEVELOPMENT_TEAM = YXAD8H48M3;
				ENABLE_NS_ASSERTIONS = NO;
				ENABLE_STRICT_OBJC_MSGSEND = YES;
				ENABLE_USER_SCRIPT_SANDBOXING = YES;
				GCC_C_LANGUAGE_STANDARD = gnu17;
				GCC_NO_COMMON_BLOCKS = YES;
				GCC_WARN_64_TO_32_BIT_CONVERSION = YES;
				GCC_WARN_ABOUT_RETURN_TYPE = YES_ERROR;
				GCC_WARN_UNDECLARED_SELECTOR = YES;
				GCC_WARN_UNINITIALIZED_AUTOS = YES_AGGRESSIVE;
				GCC_WARN_UNUSED_FUNCTION = YES;
				GCC_WARN_UNUSED_VARIABLE = YES;
<<<<<<< HEAD
				LOCALIZATION_PREFERS_STRING_CATALOGS = YES;
				MTL_ENABLE_DEBUG_INFO = NO;
				MTL_FAST_MATH = YES;
				STRING_CATALOG_GENERATE_SYMBOLS = YES;
				SWIFT_COMPILATION_MODE = wholemodule;
			};
			name = Release;
		};
		189F53272E30BF290045218D /* Debug */ = {
			isa = XCBuildConfiguration;
			buildSettings = {
				ASSETCATALOG_COMPILER_APPICON_NAME = AppIcon;
				ASSETCATALOG_COMPILER_GLOBAL_ACCENT_COLOR_NAME = AccentColor;
				CODE_SIGN_ENTITLEMENTS = GoalTracker/GoalTracker.entitlements;
				CODE_SIGN_STYLE = Automatic;
				CURRENT_PROJECT_VERSION = 1;
				DEAD_CODE_STRIPPING = YES;
				DEVELOPMENT_TEAM = YXAD8H48M3;
				ENABLE_HARDENED_RUNTIME = YES;
				ENABLE_PREVIEWS = YES;
				GENERATE_INFOPLIST_FILE = YES;
				INFOPLIST_FILE = GoalTracker/Info.plist;
				"INFOPLIST_KEY_UIApplicationSceneManifest_Generation[sdk=iphoneos*]" = YES;
				"INFOPLIST_KEY_UIApplicationSceneManifest_Generation[sdk=iphonesimulator*]" = YES;
				"INFOPLIST_KEY_UIApplicationSupportsIndirectInputEvents[sdk=iphoneos*]" = YES;
				"INFOPLIST_KEY_UIApplicationSupportsIndirectInputEvents[sdk=iphonesimulator*]" = YES;
				"INFOPLIST_KEY_UILaunchScreen_Generation[sdk=iphoneos*]" = YES;
				"INFOPLIST_KEY_UILaunchScreen_Generation[sdk=iphonesimulator*]" = YES;
				"INFOPLIST_KEY_UIStatusBarStyle[sdk=iphoneos*]" = UIStatusBarStyleDefault;
				"INFOPLIST_KEY_UIStatusBarStyle[sdk=iphonesimulator*]" = UIStatusBarStyleDefault;
				INFOPLIST_KEY_UISupportedInterfaceOrientations_iPad = "UIInterfaceOrientationPortrait UIInterfaceOrientationPortraitUpsideDown UIInterfaceOrientationLandscapeLeft UIInterfaceOrientationLandscapeRight";
				INFOPLIST_KEY_UISupportedInterfaceOrientations_iPhone = "UIInterfaceOrientationPortrait UIInterfaceOrientationLandscapeLeft UIInterfaceOrientationLandscapeRight";
				IPHONEOS_DEPLOYMENT_TARGET = 26.0;
				LD_RUNPATH_SEARCH_PATHS = "@executable_path/Frameworks";
				"LD_RUNPATH_SEARCH_PATHS[sdk=macosx*]" = "@executable_path/../Frameworks";
				MACOSX_DEPLOYMENT_TARGET = 15.5;
				MARKETING_VERSION = 1.0;
				PRODUCT_BUNDLE_IDENTIFIER = com.kioshi.GoalTracker;
				PRODUCT_NAME = "$(TARGET_NAME)";
				REGISTER_APP_GROUPS = YES;
				SDKROOT = auto;
				SUPPORTED_PLATFORMS = "iphoneos iphonesimulator macosx xros xrsimulator";
				SWIFT_EMIT_LOC_STRINGS = YES;
				SWIFT_VERSION = 5.0;
				TARGETED_DEVICE_FAMILY = "1,2,7";
				XROS_DEPLOYMENT_TARGET = 2.5;
			};
			name = Debug;
		};
		189F53282E30BF290045218D /* Release */ = {
			isa = XCBuildConfiguration;
			buildSettings = {
				ASSETCATALOG_COMPILER_APPICON_NAME = AppIcon;
				ASSETCATALOG_COMPILER_GLOBAL_ACCENT_COLOR_NAME = AccentColor;
				CODE_SIGN_ENTITLEMENTS = GoalTracker/GoalTracker.entitlements;
				CODE_SIGN_STYLE = Automatic;
				CURRENT_PROJECT_VERSION = 1;
				DEAD_CODE_STRIPPING = YES;
				DEVELOPMENT_TEAM = YXAD8H48M3;
				ENABLE_HARDENED_RUNTIME = YES;
				ENABLE_PREVIEWS = YES;
				GENERATE_INFOPLIST_FILE = YES;
				INFOPLIST_FILE = GoalTracker/Info.plist;
				"INFOPLIST_KEY_UIApplicationSceneManifest_Generation[sdk=iphoneos*]" = YES;
				"INFOPLIST_KEY_UIApplicationSceneManifest_Generation[sdk=iphonesimulator*]" = YES;
				"INFOPLIST_KEY_UIApplicationSupportsIndirectInputEvents[sdk=iphoneos*]" = YES;
				"INFOPLIST_KEY_UIApplicationSupportsIndirectInputEvents[sdk=iphonesimulator*]" = YES;
				"INFOPLIST_KEY_UILaunchScreen_Generation[sdk=iphoneos*]" = YES;
				"INFOPLIST_KEY_UILaunchScreen_Generation[sdk=iphonesimulator*]" = YES;
				"INFOPLIST_KEY_UIStatusBarStyle[sdk=iphoneos*]" = UIStatusBarStyleDefault;
				"INFOPLIST_KEY_UIStatusBarStyle[sdk=iphonesimulator*]" = UIStatusBarStyleDefault;
				INFOPLIST_KEY_UISupportedInterfaceOrientations_iPad = "UIInterfaceOrientationPortrait UIInterfaceOrientationPortraitUpsideDown UIInterfaceOrientationLandscapeLeft UIInterfaceOrientationLandscapeRight";
				INFOPLIST_KEY_UISupportedInterfaceOrientations_iPhone = "UIInterfaceOrientationPortrait UIInterfaceOrientationLandscapeLeft UIInterfaceOrientationLandscapeRight";
				IPHONEOS_DEPLOYMENT_TARGET = 26.0;
				LD_RUNPATH_SEARCH_PATHS = "@executable_path/Frameworks";
				"LD_RUNPATH_SEARCH_PATHS[sdk=macosx*]" = "@executable_path/../Frameworks";
				MACOSX_DEPLOYMENT_TARGET = 15.5;
				MARKETING_VERSION = 1.0;
				PRODUCT_BUNDLE_IDENTIFIER = com.kioshi.GoalTracker;
				PRODUCT_NAME = "$(TARGET_NAME)";
				REGISTER_APP_GROUPS = YES;
				SDKROOT = auto;
				SUPPORTED_PLATFORMS = "iphoneos iphonesimulator macosx xros xrsimulator";
				SWIFT_EMIT_LOC_STRINGS = YES;
				SWIFT_VERSION = 5.0;
				TARGETED_DEVICE_FAMILY = "1,2,7";
				XROS_DEPLOYMENT_TARGET = 2.5;
			};
			name = Release;
		};
		189F532A2E30BF290045218D /* Debug */ = {
			isa = XCBuildConfiguration;
			buildSettings = {
				BUNDLE_LOADER = "$(TEST_HOST)";
				CODE_SIGN_STYLE = Automatic;
				CURRENT_PROJECT_VERSION = 1;
				DEAD_CODE_STRIPPING = YES;
				DEVELOPMENT_TEAM = YXAD8H48M3;
				GENERATE_INFOPLIST_FILE = YES;
				IPHONEOS_DEPLOYMENT_TARGET = 18.5;
				MACOSX_DEPLOYMENT_TARGET = 15.5;
				MARKETING_VERSION = 1.0;
				PRODUCT_BUNDLE_IDENTIFIER = com.kioshi.GoalTracker.GoalTrackerTests;
				PRODUCT_NAME = "$(TARGET_NAME)";
				SDKROOT = auto;
				SUPPORTED_PLATFORMS = "iphoneos iphonesimulator macosx xros xrsimulator";
				SWIFT_EMIT_LOC_STRINGS = NO;
				SWIFT_VERSION = 5.0;
				TARGETED_DEVICE_FAMILY = "1,2,7";
				TEST_HOST = "$(BUILT_PRODUCTS_DIR)/GoalTracker.app/$(BUNDLE_EXECUTABLE_FOLDER_PATH)/GoalTracker";
				XROS_DEPLOYMENT_TARGET = 2.5;
			};
			name = Debug;
		};
		189F532B2E30BF290045218D /* Release */ = {
			isa = XCBuildConfiguration;
			buildSettings = {
				BUNDLE_LOADER = "$(TEST_HOST)";
				CODE_SIGN_STYLE = Automatic;
				CURRENT_PROJECT_VERSION = 1;
				DEAD_CODE_STRIPPING = YES;
				DEVELOPMENT_TEAM = YXAD8H48M3;
				GENERATE_INFOPLIST_FILE = YES;
				IPHONEOS_DEPLOYMENT_TARGET = 18.5;
				MACOSX_DEPLOYMENT_TARGET = 15.5;
				MARKETING_VERSION = 1.0;
				PRODUCT_BUNDLE_IDENTIFIER = com.kioshi.GoalTracker.GoalTrackerTests;
				PRODUCT_NAME = "$(TARGET_NAME)";
				SDKROOT = auto;
				SUPPORTED_PLATFORMS = "iphoneos iphonesimulator macosx xros xrsimulator";
				SWIFT_EMIT_LOC_STRINGS = NO;
				SWIFT_VERSION = 5.0;
				TARGETED_DEVICE_FAMILY = "1,2,7";
				TEST_HOST = "$(BUILT_PRODUCTS_DIR)/GoalTracker.app/$(BUNDLE_EXECUTABLE_FOLDER_PATH)/GoalTracker";
				XROS_DEPLOYMENT_TARGET = 2.5;
			};
			name = Release;
		};
		189F532D2E30BF290045218D /* Debug */ = {
			isa = XCBuildConfiguration;
			buildSettings = {
				CODE_SIGN_STYLE = Automatic;
				CURRENT_PROJECT_VERSION = 1;
				DEAD_CODE_STRIPPING = YES;
				DEVELOPMENT_TEAM = YXAD8H48M3;
				GENERATE_INFOPLIST_FILE = YES;
				IPHONEOS_DEPLOYMENT_TARGET = 18.5;
				MACOSX_DEPLOYMENT_TARGET = 15.5;
				MARKETING_VERSION = 1.0;
				PRODUCT_BUNDLE_IDENTIFIER = com.kioshi.GoalTracker.GoalTrackerUITests;
				PRODUCT_NAME = "$(TARGET_NAME)";
				SDKROOT = auto;
				SUPPORTED_PLATFORMS = "iphoneos iphonesimulator macosx xros xrsimulator";
				SWIFT_EMIT_LOC_STRINGS = NO;
				SWIFT_VERSION = 5.0;
				TARGETED_DEVICE_FAMILY = "1,2,7";
				TEST_TARGET_NAME = GoalTracker;
				XROS_DEPLOYMENT_TARGET = 2.5;
			};
			name = Debug;
		};
		189F532E2E30BF290045218D /* Release */ = {
			isa = XCBuildConfiguration;
			buildSettings = {
				CODE_SIGN_STYLE = Automatic;
				CURRENT_PROJECT_VERSION = 1;
				DEAD_CODE_STRIPPING = YES;
				DEVELOPMENT_TEAM = YXAD8H48M3;
				GENERATE_INFOPLIST_FILE = YES;
				IPHONEOS_DEPLOYMENT_TARGET = 18.5;
				MACOSX_DEPLOYMENT_TARGET = 15.5;
				MARKETING_VERSION = 1.0;
				PRODUCT_BUNDLE_IDENTIFIER = com.kioshi.GoalTracker.GoalTrackerUITests;
				PRODUCT_NAME = "$(TARGET_NAME)";
				SDKROOT = auto;
				SUPPORTED_PLATFORMS = "iphoneos iphonesimulator macosx xros xrsimulator";
				SWIFT_EMIT_LOC_STRINGS = NO;
				SWIFT_VERSION = 5.0;
				TARGETED_DEVICE_FAMILY = "1,2,7";
				TEST_TARGET_NAME = GoalTracker;
				XROS_DEPLOYMENT_TARGET = 2.5;
			};
			name = Release;
		};
		189F53EF2E31D2EC0045218D /* Debug */ = {
			isa = XCBuildConfiguration;
			buildSettings = {
				ASSETCATALOG_COMPILER_GLOBAL_ACCENT_COLOR_NAME = AccentColor;
				ASSETCATALOG_COMPILER_WIDGET_BACKGROUND_COLOR_NAME = WidgetBackground;
				CODE_SIGN_ENTITLEMENTS = GoalTrackerWidgetsExtension.entitlements;
				CODE_SIGN_STYLE = Automatic;
				CURRENT_PROJECT_VERSION = 1;
				DEVELOPMENT_TEAM = YXAD8H48M3;
				GENERATE_INFOPLIST_FILE = YES;
				INFOPLIST_FILE = GoalTrackerWidgets/Info.plist;
				INFOPLIST_KEY_CFBundleDisplayName = GoalTrackerWidgets;
				INFOPLIST_KEY_NSHumanReadableCopyright = "";
				IPHONEOS_DEPLOYMENT_TARGET = 18.5;
				LD_RUNPATH_SEARCH_PATHS = (
					"$(inherited)",
					"@executable_path/Frameworks",
					"@executable_path/../../Frameworks",
				);
				MARKETING_VERSION = 1.0;
				PRODUCT_BUNDLE_IDENTIFIER = com.kioshi.GoalTracker.GoalTrackerWidgets;
				PRODUCT_NAME = "$(TARGET_NAME)";
				SDKROOT = iphoneos;
				SKIP_INSTALL = YES;
				SWIFT_EMIT_LOC_STRINGS = YES;
				SWIFT_VERSION = 5.0;
				TARGETED_DEVICE_FAMILY = "1,2";
			};
			name = Debug;
		};
		189F53F02E31D2EC0045218D /* Release */ = {
			isa = XCBuildConfiguration;
			buildSettings = {
				ASSETCATALOG_COMPILER_GLOBAL_ACCENT_COLOR_NAME = AccentColor;
				ASSETCATALOG_COMPILER_WIDGET_BACKGROUND_COLOR_NAME = WidgetBackground;
				CODE_SIGN_ENTITLEMENTS = GoalTrackerWidgetsExtension.entitlements;
				CODE_SIGN_STYLE = Automatic;
				CURRENT_PROJECT_VERSION = 1;
				DEVELOPMENT_TEAM = YXAD8H48M3;
				GENERATE_INFOPLIST_FILE = YES;
				INFOPLIST_FILE = GoalTrackerWidgets/Info.plist;
				INFOPLIST_KEY_CFBundleDisplayName = GoalTrackerWidgets;
				INFOPLIST_KEY_NSHumanReadableCopyright = "";
				IPHONEOS_DEPLOYMENT_TARGET = 18.5;
				LD_RUNPATH_SEARCH_PATHS = (
					"$(inherited)",
					"@executable_path/Frameworks",
					"@executable_path/../../Frameworks",
				);
				MARKETING_VERSION = 1.0;
				PRODUCT_BUNDLE_IDENTIFIER = com.kioshi.GoalTracker.GoalTrackerWidgets;
				PRODUCT_NAME = "$(TARGET_NAME)";
				SDKROOT = iphoneos;
				SKIP_INSTALL = YES;
				SWIFT_EMIT_LOC_STRINGS = YES;
				SWIFT_VERSION = 5.0;
				TARGETED_DEVICE_FAMILY = "1,2";
=======
				IPHONEOS_DEPLOYMENT_TARGET = 18.4;
				LOCALIZATION_PREFERS_STRING_CATALOGS = YES;
				MTL_ENABLE_DEBUG_INFO = NO;
				MTL_FAST_MATH = YES;
				SDKROOT = iphoneos;
				SWIFT_COMPILATION_MODE = wholemodule;
>>>>>>> a5299dab53fdf2a51098c77d51abdc51565d4484
				VALIDATE_PRODUCT = YES;
			};
			name = Release;
		};
<<<<<<< HEAD
/* End XCBuildConfiguration section */

/* Begin XCConfigurationList section */
		189F52FF2E30BF240045218D /* Build configuration list for PBXProject "GoalTracker" */ = {
			isa = XCConfigurationList;
			buildConfigurations = (
				189F53242E30BF290045218D /* Debug */,
				189F53252E30BF290045218D /* Release */,
=======
		180685652DA3BE1E006153C9 /* Debug */ = {
			isa = XCBuildConfiguration;
			buildSettings = {
				ASSETCATALOG_COMPILER_APPICON_NAME = AppIcon;
				ASSETCATALOG_COMPILER_GLOBAL_ACCENT_COLOR_NAME = AccentColor;
				CODE_SIGN_STYLE = Automatic;
				CURRENT_PROJECT_VERSION = 1;
				DEVELOPMENT_TEAM = YXAD8H48M3;
				ENABLE_PREVIEWS = YES;
				GENERATE_INFOPLIST_FILE = YES;
				INFOPLIST_KEY_UIApplicationSceneManifest_Generation = YES;
				INFOPLIST_KEY_UIApplicationSupportsIndirectInputEvents = YES;
				INFOPLIST_KEY_UILaunchScreen_Generation = YES;
				INFOPLIST_KEY_UISupportedInterfaceOrientations_iPad = "UIInterfaceOrientationPortrait UIInterfaceOrientationPortraitUpsideDown UIInterfaceOrientationLandscapeLeft UIInterfaceOrientationLandscapeRight";
				INFOPLIST_KEY_UISupportedInterfaceOrientations_iPhone = "UIInterfaceOrientationPortrait UIInterfaceOrientationLandscapeLeft UIInterfaceOrientationLandscapeRight";
				LD_RUNPATH_SEARCH_PATHS = (
					"$(inherited)",
					"@executable_path/Frameworks",
				);
				MARKETING_VERSION = 1.0;
				PRODUCT_BUNDLE_IDENTIFIER = com.kioshi.GoalTracker;
				PRODUCT_NAME = "$(TARGET_NAME)";
				SWIFT_EMIT_LOC_STRINGS = YES;
				SWIFT_VERSION = 5.0;
				TARGETED_DEVICE_FAMILY = "1,2";
			};
			name = Debug;
		};
		180685662DA3BE1E006153C9 /* Release */ = {
			isa = XCBuildConfiguration;
			buildSettings = {
				ASSETCATALOG_COMPILER_APPICON_NAME = AppIcon;
				ASSETCATALOG_COMPILER_GLOBAL_ACCENT_COLOR_NAME = AccentColor;
				CODE_SIGN_STYLE = Automatic;
				CURRENT_PROJECT_VERSION = 1;
				DEVELOPMENT_TEAM = YXAD8H48M3;
				ENABLE_PREVIEWS = YES;
				GENERATE_INFOPLIST_FILE = YES;
				INFOPLIST_KEY_UIApplicationSceneManifest_Generation = YES;
				INFOPLIST_KEY_UIApplicationSupportsIndirectInputEvents = YES;
				INFOPLIST_KEY_UILaunchScreen_Generation = YES;
				INFOPLIST_KEY_UISupportedInterfaceOrientations_iPad = "UIInterfaceOrientationPortrait UIInterfaceOrientationPortraitUpsideDown UIInterfaceOrientationLandscapeLeft UIInterfaceOrientationLandscapeRight";
				INFOPLIST_KEY_UISupportedInterfaceOrientations_iPhone = "UIInterfaceOrientationPortrait UIInterfaceOrientationLandscapeLeft UIInterfaceOrientationLandscapeRight";
				LD_RUNPATH_SEARCH_PATHS = (
					"$(inherited)",
					"@executable_path/Frameworks",
				);
				MARKETING_VERSION = 1.0;
				PRODUCT_BUNDLE_IDENTIFIER = com.kioshi.GoalTracker;
				PRODUCT_NAME = "$(TARGET_NAME)";
				SWIFT_EMIT_LOC_STRINGS = YES;
				SWIFT_VERSION = 5.0;
				TARGETED_DEVICE_FAMILY = "1,2";
			};
			name = Release;
		};
		180685682DA3BE1E006153C9 /* Debug */ = {
			isa = XCBuildConfiguration;
			buildSettings = {
				BUNDLE_LOADER = "$(TEST_HOST)";
				CODE_SIGN_STYLE = Automatic;
				CURRENT_PROJECT_VERSION = 1;
				DEVELOPMENT_TEAM = YXAD8H48M3;
				GENERATE_INFOPLIST_FILE = YES;
				IPHONEOS_DEPLOYMENT_TARGET = 18.4;
				MARKETING_VERSION = 1.0;
				PRODUCT_BUNDLE_IDENTIFIER = com.kioshi.GoalTrackerTests;
				PRODUCT_NAME = "$(TARGET_NAME)";
				SWIFT_EMIT_LOC_STRINGS = NO;
				SWIFT_VERSION = 5.0;
				TARGETED_DEVICE_FAMILY = "1,2";
				TEST_HOST = "$(BUILT_PRODUCTS_DIR)/GoalTracker.app/$(BUNDLE_EXECUTABLE_FOLDER_PATH)/GoalTracker";
			};
			name = Debug;
		};
		180685692DA3BE1E006153C9 /* Release */ = {
			isa = XCBuildConfiguration;
			buildSettings = {
				BUNDLE_LOADER = "$(TEST_HOST)";
				CODE_SIGN_STYLE = Automatic;
				CURRENT_PROJECT_VERSION = 1;
				DEVELOPMENT_TEAM = YXAD8H48M3;
				GENERATE_INFOPLIST_FILE = YES;
				IPHONEOS_DEPLOYMENT_TARGET = 18.4;
				MARKETING_VERSION = 1.0;
				PRODUCT_BUNDLE_IDENTIFIER = com.kioshi.GoalTrackerTests;
				PRODUCT_NAME = "$(TARGET_NAME)";
				SWIFT_EMIT_LOC_STRINGS = NO;
				SWIFT_VERSION = 5.0;
				TARGETED_DEVICE_FAMILY = "1,2";
				TEST_HOST = "$(BUILT_PRODUCTS_DIR)/GoalTracker.app/$(BUNDLE_EXECUTABLE_FOLDER_PATH)/GoalTracker";
			};
			name = Release;
		};
		1806856B2DA3BE1E006153C9 /* Debug */ = {
			isa = XCBuildConfiguration;
			buildSettings = {
				CODE_SIGN_STYLE = Automatic;
				CURRENT_PROJECT_VERSION = 1;
				DEVELOPMENT_TEAM = YXAD8H48M3;
				GENERATE_INFOPLIST_FILE = YES;
				MARKETING_VERSION = 1.0;
				PRODUCT_BUNDLE_IDENTIFIER = com.kioshi.GoalTrackerUITests;
				PRODUCT_NAME = "$(TARGET_NAME)";
				SWIFT_EMIT_LOC_STRINGS = NO;
				SWIFT_VERSION = 5.0;
				TARGETED_DEVICE_FAMILY = "1,2";
				TEST_TARGET_NAME = GoalTracker;
			};
			name = Debug;
		};
		1806856C2DA3BE1E006153C9 /* Release */ = {
			isa = XCBuildConfiguration;
			buildSettings = {
				CODE_SIGN_STYLE = Automatic;
				CURRENT_PROJECT_VERSION = 1;
				DEVELOPMENT_TEAM = YXAD8H48M3;
				GENERATE_INFOPLIST_FILE = YES;
				MARKETING_VERSION = 1.0;
				PRODUCT_BUNDLE_IDENTIFIER = com.kioshi.GoalTrackerUITests;
				PRODUCT_NAME = "$(TARGET_NAME)";
				SWIFT_EMIT_LOC_STRINGS = NO;
				SWIFT_VERSION = 5.0;
				TARGETED_DEVICE_FAMILY = "1,2";
				TEST_TARGET_NAME = GoalTracker;
			};
			name = Release;
		};
/* End XCBuildConfiguration section */

/* Begin XCConfigurationList section */
		1806853E2DA3BE19006153C9 /* Build configuration list for PBXProject "GoalTracker" */ = {
			isa = XCConfigurationList;
			buildConfigurations = (
				180685622DA3BE1E006153C9 /* Debug */,
				180685632DA3BE1E006153C9 /* Release */,
>>>>>>> a5299dab53fdf2a51098c77d51abdc51565d4484
			);
			defaultConfigurationIsVisible = 0;
			defaultConfigurationName = Release;
		};
<<<<<<< HEAD
		189F53262E30BF290045218D /* Build configuration list for PBXNativeTarget "GoalTracker" */ = {
			isa = XCConfigurationList;
			buildConfigurations = (
				189F53272E30BF290045218D /* Debug */,
				189F53282E30BF290045218D /* Release */,
=======
		180685642DA3BE1E006153C9 /* Build configuration list for PBXNativeTarget "GoalTracker" */ = {
			isa = XCConfigurationList;
			buildConfigurations = (
				180685652DA3BE1E006153C9 /* Debug */,
				180685662DA3BE1E006153C9 /* Release */,
>>>>>>> a5299dab53fdf2a51098c77d51abdc51565d4484
			);
			defaultConfigurationIsVisible = 0;
			defaultConfigurationName = Release;
		};
<<<<<<< HEAD
		189F53292E30BF290045218D /* Build configuration list for PBXNativeTarget "GoalTrackerTests" */ = {
			isa = XCConfigurationList;
			buildConfigurations = (
				189F532A2E30BF290045218D /* Debug */,
				189F532B2E30BF290045218D /* Release */,
=======
		180685672DA3BE1E006153C9 /* Build configuration list for PBXNativeTarget "GoalTrackerTests" */ = {
			isa = XCConfigurationList;
			buildConfigurations = (
				180685682DA3BE1E006153C9 /* Debug */,
				180685692DA3BE1E006153C9 /* Release */,
>>>>>>> a5299dab53fdf2a51098c77d51abdc51565d4484
			);
			defaultConfigurationIsVisible = 0;
			defaultConfigurationName = Release;
		};
<<<<<<< HEAD
		189F532C2E30BF290045218D /* Build configuration list for PBXNativeTarget "GoalTrackerUITests" */ = {
			isa = XCConfigurationList;
			buildConfigurations = (
				189F532D2E30BF290045218D /* Debug */,
				189F532E2E30BF290045218D /* Release */,
			);
			defaultConfigurationIsVisible = 0;
			defaultConfigurationName = Release;
		};
		189F53EE2E31D2EC0045218D /* Build configuration list for PBXNativeTarget "GoalTrackerWidgetsExtension" */ = {
			isa = XCConfigurationList;
			buildConfigurations = (
				189F53EF2E31D2EC0045218D /* Debug */,
				189F53F02E31D2EC0045218D /* Release */,
=======
		1806856A2DA3BE1E006153C9 /* Build configuration list for PBXNativeTarget "GoalTrackerUITests" */ = {
			isa = XCConfigurationList;
			buildConfigurations = (
				1806856B2DA3BE1E006153C9 /* Debug */,
				1806856C2DA3BE1E006153C9 /* Release */,
>>>>>>> a5299dab53fdf2a51098c77d51abdc51565d4484
			);
			defaultConfigurationIsVisible = 0;
			defaultConfigurationName = Release;
		};
/* End XCConfigurationList section */
	};
<<<<<<< HEAD
	rootObject = 189F52FC2E30BF240045218D /* Project object */;
=======
	rootObject = 1806853B2DA3BE19006153C9 /* Project object */;
>>>>>>> a5299dab53fdf2a51098c77d51abdc51565d4484
}
